<?xml version="1.0" encoding="utf-8"?>
<Project ToolsVersion="4.0" xmlns="http://schemas.microsoft.com/developer/msbuild/2003">
  <ItemGroup>
    <Filter Include="Source Files">
      <UniqueIdentifier>{4FC737F1-C7A5-4376-A066-2A32D752A2FF}</UniqueIdentifier>
      <Extensions>cpp;c;cc;cxx;c++;cppm;ixx;def;odl;idl;hpj;bat;asm;asmx</Extensions>
    </Filter>
    <Filter Include="Header Files">
      <UniqueIdentifier>{93995380-89BD-4b04-88EB-625FBE52EBFB}</UniqueIdentifier>
      <Extensions>h;hh;hpp;hxx;h++;hm;inl;inc;ipp;xsd</Extensions>
    </Filter>
    <Filter Include="Resource Files">
      <UniqueIdentifier>{67DA6AB6-F800-4c08-8B7A-83BB121AAD01}</UniqueIdentifier>
      <Extensions>rc;ico;cur;bmp;dlg;rc2;rct;bin;rgs;gif;jpg;jpeg;jpe;resx;tiff;tif;png;wav;mfcribbon-ms</Extensions>
    </Filter>
  </ItemGroup>
  <ItemGroup>
    <ClInclude Include="GLFW\glfw3.h">
      <Filter>Header Files</Filter>
    </ClInclude>
    <ClInclude Include="GLFW\glfw3native.h">
      <Filter>Header Files</Filter>
    </ClInclude>
    <ClInclude Include="imconfig.h">
      <Filter>Header Files</Filter>
    </ClInclude>
    <ClInclude Include="imgui.h">
      <Filter>Header Files</Filter>
    </ClInclude>
    <ClInclude Include="imgui_impl_glfw.h">
      <Filter>Header Files</Filter>
    </ClInclude>
    <ClInclude Include="imgui_impl_opengl3.h">
      <Filter>Header Files</Filter>
    </ClInclude>
    <ClInclude Include="imgui_internal.h">
      <Filter>Header Files</Filter>
    </ClInclude>
    <ClInclude Include="imstb_rectpack.h">
      <Filter>Header Files</Filter>
    </ClInclude>
    <ClInclude Include="imstb_textedit.h">
      <Filter>Header Files</Filter>
    </ClInclude>
    <ClInclude Include="imstb_truetype.h">
      <Filter>Header Files</Filter>
    </ClInclude>
    <ClInclude Include="imgui_impl_opengl3_loader.h">
      <Filter>Header Files</Filter>
    </ClInclude>
    <ClInclude Include="eglew.h">
      <Filter>Header Files</Filter>
    </ClInclude>
    <ClInclude Include="glew.h">
      <Filter>Header Files</Filter>
    </ClInclude>
    <ClInclude Include="glxew.h">
      <Filter>Header Files</Filter>
    </ClInclude>
    <ClInclude Include="project_description.hpp">
      <Filter>Header Files</Filter>
    </ClInclude>
    <ClInclude Include="filesystem.hpp">
      <Filter>Header Files</Filter>
    </ClInclude>
    <ClInclude Include="stools.hpp">
      <Filter>Header Files</Filter>
    </ClInclude>
    <ClInclude Include="imgui_stdlib.h">
      <Filter>Header Files</Filter>
    </ClInclude>
    <ClInclude Include="texture.hpp">
      <Filter>Header Files</Filter>
    </ClInclude>
    <ClInclude Include="stb_image.h">
      <Filter>Header Files</Filter>
    </ClInclude>
    <ClInclude Include="code_generator.hpp">
      <Filter>Header Files</Filter>
    </ClInclude>
    <ClInclude Include="plutovg\plutovg.h">
      <Filter>Header Files</Filter>
    </ClInclude>
    <ClInclude Include="plutovg\plutovg-ft-math.h">
      <Filter>Header Files</Filter>
    </ClInclude>
    <ClInclude Include="plutovg\plutovg-ft-raster.h">
      <Filter>Header Files</Filter>
    </ClInclude>
    <ClInclude Include="plutovg\plutovg-ft-stroker.h">
      <Filter>Header Files</Filter>
    </ClInclude>
    <ClInclude Include="plutovg\plutovg-ft-types.h">
      <Filter>Header Files</Filter>
    </ClInclude>
    <ClInclude Include="plutovg\plutovg-private.h">
      <Filter>Header Files</Filter>
    </ClInclude>
    <ClInclude Include="plutovg\plutovg-stb-image.h">
      <Filter>Header Files</Filter>
    </ClInclude>
    <ClInclude Include="plutovg\plutovg-stb-image-write.h">
      <Filter>Header Files</Filter>
    </ClInclude>
    <ClInclude Include="plutovg\plutovg-stb-truetype.h">
      <Filter>Header Files</Filter>
    </ClInclude>
    <ClInclude Include="plutovg\plutovg-utils.h">
      <Filter>Header Files</Filter>
    </ClInclude>
    <ClInclude Include="lunasvg\graphics.h">
      <Filter>Header Files</Filter>
    </ClInclude>
    <ClInclude Include="lunasvg\lunasvg.h">
      <Filter>Header Files</Filter>
    </ClInclude>
    <ClInclude Include="lunasvg\svgelement.h">
      <Filter>Header Files</Filter>
    </ClInclude>
    <ClInclude Include="lunasvg\svggeometryelement.h">
      <Filter>Header Files</Filter>
    </ClInclude>
    <ClInclude Include="lunasvg\svglayoutstate.h">
      <Filter>Header Files</Filter>
    </ClInclude>
    <ClInclude Include="lunasvg\svgpaintelement.h">
      <Filter>Header Files</Filter>
    </ClInclude>
    <ClInclude Include="lunasvg\svgparserutils.h">
      <Filter>Header Files</Filter>
    </ClInclude>
    <ClInclude Include="lunasvg\svgproperty.h">
      <Filter>Header Files</Filter>
    </ClInclude>
    <ClInclude Include="lunasvg\svgrenderstate.h">
      <Filter>Header Files</Filter>
    </ClInclude>
    <ClInclude Include="lunasvg\svgtextelement.h">
      <Filter>Header Files</Filter>
    </ClInclude>
    <ClInclude Include="asvg.hpp">
      <Filter>Header Files</Filter>
    </ClInclude>
    <ClInclude Include="templateproject.hpp">
      <Filter>Header Files</Filter>
    </ClInclude>
  </ItemGroup>
  <ItemGroup>
    <ClCompile Include="imgui.cpp">
      <Filter>Source Files</Filter>
    </ClCompile>
    <ClCompile Include="imgui_demo.cpp">
      <Filter>Source Files</Filter>
    </ClCompile>
    <ClCompile Include="imgui_draw.cpp">
      <Filter>Source Files</Filter>
    </ClCompile>
    <ClCompile Include="imgui_impl_glfw.cpp">
      <Filter>Source Files</Filter>
    </ClCompile>
    <ClCompile Include="imgui_impl_opengl3.cpp">
      <Filter>Source Files</Filter>
    </ClCompile>
    <ClCompile Include="imgui_tables.cpp">
      <Filter>Source Files</Filter>
    </ClCompile>
    <ClCompile Include="imgui_widgets.cpp">
      <Filter>Source Files</Filter>
    </ClCompile>
    <ClCompile Include="main.cpp">
      <Filter>Source Files</Filter>
    </ClCompile>
    <ClCompile Include="glew.c">
      <Filter>Source Files</Filter>
    </ClCompile>
    <ClCompile Include="project_file_writing.cpp">
      <Filter>Source Files</Filter>
    </ClCompile>
    <ClCompile Include="filesystem.cpp">
      <Filter>Source Files</Filter>
    </ClCompile>
    <ClCompile Include="imgui_stdlib.cpp">
      <Filter>Source Files</Filter>
    </ClCompile>
    <ClCompile Include="texture.cpp">
      <Filter>Source Files</Filter>
    </ClCompile>
    <ClCompile Include="code_generator.cpp">
      <Filter>Source Files</Filter>
    </ClCompile>
    <ClCompile Include="plutovg\plutovg-blend.c">
      <Filter>Source Files</Filter>
    </ClCompile>
    <ClCompile Include="plutovg\plutovg-canvas.c">
      <Filter>Source Files</Filter>
    </ClCompile>
    <ClCompile Include="plutovg\plutovg-font.c">
      <Filter>Source Files</Filter>
    </ClCompile>
    <ClCompile Include="plutovg\plutovg-ft-math.c">
      <Filter>Source Files</Filter>
    </ClCompile>
    <ClCompile Include="plutovg\plutovg-ft-raster.c">
      <Filter>Source Files</Filter>
    </ClCompile>
    <ClCompile Include="plutovg\plutovg-ft-stroker.c">
      <Filter>Source Files</Filter>
    </ClCompile>
    <ClCompile Include="plutovg\plutovg-matrix.c">
      <Filter>Source Files</Filter>
    </ClCompile>
    <ClCompile Include="plutovg\plutovg-paint.c">
      <Filter>Source Files</Filter>
    </ClCompile>
    <ClCompile Include="plutovg\plutovg-path.c">
      <Filter>Source Files</Filter>
    </ClCompile>
    <ClCompile Include="plutovg\plutovg-rasterize.c">
      <Filter>Source Files</Filter>
    </ClCompile>
    <ClCompile Include="plutovg\plutovg-surface.c">
      <Filter>Source Files</Filter>
    </ClCompile>
    <ClCompile Include="lunasvg\graphics.cpp">
      <Filter>Source Files</Filter>
    </ClCompile>
    <ClCompile Include="lunasvg\lunasvg.cpp">
      <Filter>Source Files</Filter>
    </ClCompile>
    <ClCompile Include="lunasvg\svgelement.cpp">
      <Filter>Source Files</Filter>
    </ClCompile>
    <ClCompile Include="lunasvg\svggeometryelement.cpp">
      <Filter>Source Files</Filter>
    </ClCompile>
    <ClCompile Include="lunasvg\svglayoutstate.cpp">
      <Filter>Source Files</Filter>
    </ClCompile>
    <ClCompile Include="lunasvg\svgpaintelement.cpp">
      <Filter>Source Files</Filter>
    </ClCompile>
    <ClCompile Include="lunasvg\svgparser.cpp">
      <Filter>Source Files</Filter>
    </ClCompile>
    <ClCompile Include="lunasvg\svgproperty.cpp">
      <Filter>Source Files</Filter>
    </ClCompile>
    <ClCompile Include="lunasvg\svgrenderstate.cpp">
      <Filter>Source Files</Filter>
    </ClCompile>
    <ClCompile Include="lunasvg\svgtextelement.cpp">
      <Filter>Source Files</Filter>
    </ClCompile>
    <ClCompile Include="asvg.cpp">
      <Filter>Source Files</Filter>
    </ClCompile>
    <ClCompile Include="project_serialization.cpp">
      <Filter>Source Files</Filter>
    </ClCompile>
  </ItemGroup>
</Project>